
Microsoft Visual Studio Solution File, Format Version 12.00
# Visual Studio Version 16
VisualStudioVersion = 16.0.29201.188
MinimumVisualStudioVersion = 10.0.40219.1
Project("{FAE04EC0-301F-11D3-BF4B-00C04F79EFBC}") = "TvpMain", "TvpMain.csproj", "{C803FD57-F7F1-4924-904A-6A242730B898}"
EndProject
Project("{FAE04EC0-301F-11D3-BF4B-00C04F79EFBC}") = "TvpTest", "TvpTest\TvpTest.csproj", "{F6DF8FD9-432F-424F-A5C6-53ACD6E7BB1D}"
EndProject
Project("{9A19103F-16F7-4668-BE54-9A1E7A4F7556}") = "TvpPublish", "TvpPublish\TvpPublish.csproj", "{DC5AE6C7-DDEC-4C63-BF97-8CDACE22D016}"
EndProject
Project("{FAE04EC0-301F-11D3-BF4B-00C04F79EFBC}") = "TvpCustomControls", "TvpCustomControls\TvpCustomControls.csproj", "{51EE34CD-AB65-402D-9F33-1CC2824CB521}"
EndProject
Global
	GlobalSection(SolutionConfigurationPlatforms) = preSolution
		Debug|x64 = Debug|x64
		Release|x64 = Release|x64
	EndGlobalSection
	GlobalSection(ProjectConfigurationPlatforms) = postSolution
{C803FD57-F7F1-4924-904A-6A242730B898}.Debug|x64.ActiveCfg = Debug|x64
		{C803FD57-F7F1-4924-904A-6A242730B898}.Debug|x64.Build.0 = Debug|x64
		{C803FD57-F7F1-4924-904A-6A242730B898}.Release|x64.ActiveCfg = Release|x64
		{C803FD57-F7F1-4924-904A-6A242730B898}.Release|x64.Build.0 = Release|x64
		{F6DF8FD9-432F-424F-A5C6-53ACD6E7BB1D}.Debug|x64.ActiveCfg = Debug|x64
		{F6DF8FD9-432F-424F-A5C6-53ACD6E7BB1D}.Debug|x64.Build.0 = Debug|x64
		{F6DF8FD9-432F-424F-A5C6-53ACD6E7BB1D}.Release|x64.ActiveCfg = Release|x64
		{F6DF8FD9-432F-424F-A5C6-53ACD6E7BB1D}.Release|x64.Build.0 = Release|x64
		{DC5AE6C7-DDEC-4C63-BF97-8CDACE22D016}.Debug|x64.ActiveCfg = Debug|x64
		{DC5AE6C7-DDEC-4C63-BF97-8CDACE22D016}.Debug|x64.Build.0 = Debug|x64
		{DC5AE6C7-DDEC-4C63-BF97-8CDACE22D016}.Release|x64.ActiveCfg = Release|x64
		{DC5AE6C7-DDEC-4C63-BF97-8CDACE22D016}.Release|x64.Build.0 = Release|x64
		{51EE34CD-AB65-402D-9F33-1CC2824CB521}.Debug|x64.ActiveCfg = Debug|Any CPU
		{51EE34CD-AB65-402D-9F33-1CC2824CB521}.Debug|x64.Build.0 = Debug|Any CPU
		{51EE34CD-AB65-402D-9F33-1CC2824CB521}.Release|x64.ActiveCfg = Release|Any CPU
		{51EE34CD-AB65-402D-9F33-1CC2824CB521}.Release|x64.Build.0 = Release|Any CPU
	EndGlobalSection
	GlobalSection(SolutionProperties) = preSolution
		HideSolutionNode = FALSE
	EndGlobalSection
	GlobalSection(ExtensibilityGlobals) = postSolution
		SolutionGuid = {3F562B04-21B2-4D81-98D7-63FA99FB2AD1}
	EndGlobalSection
EndGlobal
